# THIS IS AN AUTOGENERATED FILE. DO NOT EDIT THIS FILE DIRECTLY.
# yarn lockfile v1


"pdfjs@npm:pdfjs-dist@2.5.207":
  version "2.5.207"
  resolved "https://registry.yarnpkg.com/pdfjs-dist/-/pdfjs-dist-2.5.207.tgz#b5e8c19627be64269cd3fb6df3eaaf45ddffe7b6"
  integrity sha512-xGDUhnCYPfHy+unMXCLCJtlpZaaZ17Ew3WIL0tnSgKFUZXHAPD49GO9xScyszSsQMoutNDgRb+rfBXIaX/lJbw==
